
Microsoft Visual Studio Solution File, Format Version 12.00
# Visual Studio 2013
VisualStudioVersion = 12.0.31101.0
MinimumVisualStudioVersion = 10.0.40219.1
Project("{FAE04EC0-301F-11D3-BF4B-00C04F79EFBC}") = "DotCommerce.Persistence.SqlServer.Test", "DotCommerce.Persistence.SqlServer.Test\DotCommerce.Persistence.SqlServer.Test.csproj", "{763BB17E-4488-419C-8C4A-E8AB0EC35735}"
EndProject
Project("{FAE04EC0-301F-11D3-BF4B-00C04F79EFBC}") = "DotCommerce", "DotComerce\DotCommerce.csproj", "{B58193B4-FC25-4D2D-9B9D-F4B01F73CFBD}"
EndProject
Global
	GlobalSection(SolutionConfigurationPlatforms) = preSolution
		Debug|Any CPU = Debug|Any CPU
		Release|Any CPU = Release|Any CPU
	EndGlobalSection
	GlobalSection(ProjectConfigurationPlatforms) = postSolution
		{763BB17E-4488-419C-8C4A-E8AB0EC35735}.Debug|Any CPU.ActiveCfg = Debug|Any CPU
		{763BB17E-4488-419C-8C4A-E8AB0EC35735}.Debug|Any CPU.Build.0 = Debug|Any CPU
		{763BB17E-4488-419C-8C4A-E8AB0EC35735}.Release|Any CPU.ActiveCfg = Release|Any CPU
		{763BB17E-4488-419C-8C4A-E8AB0EC35735}.Release|Any CPU.Build.0 = Release|Any CPU
		{B58193B4-FC25-4D2D-9B9D-F4B01F73CFBD}.Debug|Any CPU.ActiveCfg = Debug|Any CPU
		{B58193B4-FC25-4D2D-9B9D-F4B01F73CFBD}.Debug|Any CPU.Build.0 = Debug|Any CPU
		{B58193B4-FC25-4D2D-9B9D-F4B01F73CFBD}.Release|Any CPU.ActiveCfg = Release|Any CPU
		{B58193B4-FC25-4D2D-9B9D-F4B01F73CFBD}.Release|Any CPU.Build.0 = Release|Any CPU
	EndGlobalSection
	GlobalSection(SolutionProperties) = preSolution
		HideSolutionNode = FALSE
	EndGlobalSection
EndGlobal
